
Microsoft Visual Studio Solution File, Format Version 12.00
# Visual Studio Version 17
VisualStudioVersion = 17.0.31903.59
MinimumVisualStudioVersion = 10.0.40219.1
Project("{2150E333-8FDC-42A3-9474-1A3956D46DE8}") = "src", "src", "{CF75CF81-682E-4064-8870-F8B2B8983E6C}"
EndProject
Project("{FAE04EC0-301F-11D3-BF4B-00C04F79EFBC}") = "AutionService", "src\AutionService\AutionService.csproj", "{B10EFF69-DD4D-466E-A0FC-968F56EA4088}"
EndProject
Global
	GlobalSection(SolutionConfigurationPlatforms) = preSolution
		Debug|Any CPU = Debug|Any CPU
		Release|Any CPU = Release|Any CPU
	EndGlobalSection
	GlobalSection(SolutionProperties) = preSolution
		HideSolutionNode = FALSE
	EndGlobalSection
	GlobalSection(ProjectConfigurationPlatforms) = postSolution
		{B10EFF69-DD4D-466E-A0FC-968F56EA4088}.Debug|Any CPU.ActiveCfg = Debug|Any CPU
		{B10EFF69-DD4D-466E-A0FC-968F56EA4088}.Debug|Any CPU.Build.0 = Debug|Any CPU
		{B10EFF69-DD4D-466E-A0FC-968F56EA4088}.Release|Any CPU.ActiveCfg = Release|Any CPU
		{B10EFF69-DD4D-466E-A0FC-968F56EA4088}.Release|Any CPU.Build.0 = Release|Any CPU
	EndGlobalSection
	GlobalSection(NestedProjects) = preSolution
		{B10EFF69-DD4D-466E-A0FC-968F56EA4088} = {CF75CF81-682E-4064-8870-F8B2B8983E6C}
	EndGlobalSection
EndGlobal
