
Microsoft Visual Studio Solution File, Format Version 12.00
# Visual Studio Version 17
VisualStudioVersion = 17.0.31903.59
MinimumVisualStudioVersion = 10.0.40219.1
Project("{2150E333-8FDC-42A3-9474-1A3956D46DE8}") = "src", "src", "{CF75CF81-682E-4064-8870-F8B2B8983E6C}"
EndProject
Project("{FAE04EC0-301F-11D3-BF4B-00C04F79EFBC}") = "AutionService", "src\AutionService\AutionService.csproj", "{B10EFF69-DD4D-466E-A0FC-968F56EA4088}"
EndProject
Project("{FAE04EC0-301F-11D3-BF4B-00C04F79EFBC}") = "SearchService", "src\SearchService\SearchService.csproj", "{FBB32BFF-0A92-4E57-A22F-E0D258D23DF8}"
EndProject
Project("{FAE04EC0-301F-11D3-BF4B-00C04F79EFBC}") = "Contracts", "src\Contracts\Contracts.csproj", "{A28E9CED-9915-4D05-9AA0-BBFA1603D476}"
EndProject
Project("{FAE04EC0-301F-11D3-BF4B-00C04F79EFBC}") = "IdentityService", "src\IdentityService\IdentityService.csproj", "{1D78E539-E571-433E-8C4F-8199D27E6382}"
EndProject
Project("{FAE04EC0-301F-11D3-BF4B-00C04F79EFBC}") = "GatewayService", "src\GatewayService\GatewayService.csproj", "{960F322A-0C1C-4E38-91ED-260CB27D21A3}"
EndProject
Global
	GlobalSection(SolutionConfigurationPlatforms) = preSolution
		Debug|Any CPU = Debug|Any CPU
		Release|Any CPU = Release|Any CPU
	EndGlobalSection
	GlobalSection(SolutionProperties) = preSolution
		HideSolutionNode = FALSE
	EndGlobalSection
	GlobalSection(ProjectConfigurationPlatforms) = postSolution
		{B10EFF69-DD4D-466E-A0FC-968F56EA4088}.Debug|Any CPU.ActiveCfg = Debug|Any CPU
		{B10EFF69-DD4D-466E-A0FC-968F56EA4088}.Debug|Any CPU.Build.0 = Debug|Any CPU
		{B10EFF69-DD4D-466E-A0FC-968F56EA4088}.Release|Any CPU.ActiveCfg = Release|Any CPU
		{B10EFF69-DD4D-466E-A0FC-968F56EA4088}.Release|Any CPU.Build.0 = Release|Any CPU
		{FBB32BFF-0A92-4E57-A22F-E0D258D23DF8}.Debug|Any CPU.ActiveCfg = Debug|Any CPU
		{FBB32BFF-0A92-4E57-A22F-E0D258D23DF8}.Debug|Any CPU.Build.0 = Debug|Any CPU
		{FBB32BFF-0A92-4E57-A22F-E0D258D23DF8}.Release|Any CPU.ActiveCfg = Release|Any CPU
		{FBB32BFF-0A92-4E57-A22F-E0D258D23DF8}.Release|Any CPU.Build.0 = Release|Any CPU
		{A28E9CED-9915-4D05-9AA0-BBFA1603D476}.Debug|Any CPU.ActiveCfg = Debug|Any CPU
		{A28E9CED-9915-4D05-9AA0-BBFA1603D476}.Debug|Any CPU.Build.0 = Debug|Any CPU
		{A28E9CED-9915-4D05-9AA0-BBFA1603D476}.Release|Any CPU.ActiveCfg = Release|Any CPU
		{A28E9CED-9915-4D05-9AA0-BBFA1603D476}.Release|Any CPU.Build.0 = Release|Any CPU
		{1D78E539-E571-433E-8C4F-8199D27E6382}.Debug|Any CPU.ActiveCfg = Debug|Any CPU
		{1D78E539-E571-433E-8C4F-8199D27E6382}.Debug|Any CPU.Build.0 = Debug|Any CPU
		{1D78E539-E571-433E-8C4F-8199D27E6382}.Release|Any CPU.ActiveCfg = Release|Any CPU
		{1D78E539-E571-433E-8C4F-8199D27E6382}.Release|Any CPU.Build.0 = Release|Any CPU
		{960F322A-0C1C-4E38-91ED-260CB27D21A3}.Debug|Any CPU.ActiveCfg = Debug|Any CPU
		{960F322A-0C1C-4E38-91ED-260CB27D21A3}.Debug|Any CPU.Build.0 = Debug|Any CPU
		{960F322A-0C1C-4E38-91ED-260CB27D21A3}.Release|Any CPU.ActiveCfg = Release|Any CPU
		{960F322A-0C1C-4E38-91ED-260CB27D21A3}.Release|Any CPU.Build.0 = Release|Any CPU
	EndGlobalSection
	GlobalSection(NestedProjects) = preSolution
		{B10EFF69-DD4D-466E-A0FC-968F56EA4088} = {CF75CF81-682E-4064-8870-F8B2B8983E6C}
		{FBB32BFF-0A92-4E57-A22F-E0D258D23DF8} = {CF75CF81-682E-4064-8870-F8B2B8983E6C}
		{A28E9CED-9915-4D05-9AA0-BBFA1603D476} = {CF75CF81-682E-4064-8870-F8B2B8983E6C}
		{1D78E539-E571-433E-8C4F-8199D27E6382} = {CF75CF81-682E-4064-8870-F8B2B8983E6C}
		{960F322A-0C1C-4E38-91ED-260CB27D21A3} = {CF75CF81-682E-4064-8870-F8B2B8983E6C}
	EndGlobalSection
EndGlobal
